// !$*UTF8*$!
{
	archiveVersion = 1;
	classes = {
	};
	objectVersion = 46;
	objects = {

/* Begin PBXBuildFile section */
		A06F8B411CBA9060001B9D72 /* main.m in Sources */ = {isa = PBXBuildFile; fileRef = A06F8B401CBA9060001B9D72 /* main.m */; };
		A06F8B441CBA9060001B9D72 /* AppDelegate.m in Sources */ = {isa = PBXBuildFile; fileRef = A06F8B431CBA9060001B9D72 /* AppDelegate.m */; };
		A06F8B471CBA9060001B9D72 /* ViewController.m in Sources */ = {isa = PBXBuildFile; fileRef = A06F8B461CBA9060001B9D72 /* ViewController.m */; };
		A06F8B4A1CBA9060001B9D72 /* Main.storyboard in Resources */ = {isa = PBXBuildFile; fileRef = A06F8B481CBA9060001B9D72 /* Main.storyboard */; };
		A06F8B4C1CBA9060001B9D72 /* Assets.xcassets in Resources */ = {isa = PBXBuildFile; fileRef = A06F8B4B1CBA9060001B9D72 /* Assets.xcassets */; };
		A06F8B4F1CBA9060001B9D72 /* LaunchScreen.storyboard in Resources */ = {isa = PBXBuildFile; fileRef = A06F8B4D1CBA9060001B9D72 /* LaunchScreen.storyboard */; };
		A06F8B5A1CBA9060001B9D72 /* useUIviewTests.m in Sources */ = {isa = PBXBuildFile; fileRef = A06F8B591CBA9060001B9D72 /* useUIviewTests.m */; };
		A06F8B651CBA9060001B9D72 /* useUIviewUITests.m in Sources */ = {isa = PBXBuildFile; fileRef = A06F8B641CBA9060001B9D72 /* useUIviewUITests.m */; };
/* End PBXBuildFile section */

/* Begin PBXContainerItemProxy section */
		A06F8B561CBA9060001B9D72 /* PBXContainerItemProxy */ = {
			isa = PBXContainerItemProxy;
			containerPortal = A06F8B341CBA9060001B9D72 /* Project object */;
			proxyType = 1;
			remoteGlobalIDString = A06F8B3B1CBA9060001B9D72;
			remoteInfo = useUIview;
		};
		A06F8B611CBA9060001B9D72 /* PBXContainerItemProxy */ = {
			isa = PBXContainerItemProxy;
			containerPortal = A06F8B341CBA9060001B9D72 /* Project object */;
			proxyType = 1;
			remoteGlobalIDString = A06F8B3B1CBA9060001B9D72;
			remoteInfo = useUIview;
		};
/* End PBXContainerItemProxy section */

/* Begin PBXFileReference section */
		A06F8B3C1CBA9060001B9D72 /* useUIview.app */ = {isa = PBXFileReference; explicitFileType = wrapper.application; includeInIndex = 0; path = useUIview.app; sourceTree = BUILT_PRODUCTS_DIR; };
		A06F8B401CBA9060001B9D72 /* main.m */ = {isa = PBXFileReference; lastKnownFileType = sourcecode.c.objc; path = main.m; sourceTree = "<group>"; };
		A06F8B421CBA9060001B9D72 /* AppDelegate.h */ = {isa = PBXFileReference; lastKnownFileType = sourcecode.c.h; path = AppDelegate.h; sourceTree = "<group>"; };
		A06F8B431CBA9060001B9D72 /* AppDelegate.m */ = {isa = PBXFileReference; lastKnownFileType = sourcecode.c.objc; path = AppDelegate.m; sourceTree = "<group>"; };
		A06F8B451CBA9060001B9D72 /* ViewController.h */ = {isa = PBXFileReference; lastKnownFileType = sourcecode.c.h; path = ViewController.h; sourceTree = "<group>"; };
		A06F8B461CBA9060001B9D72 /* ViewController.m */ = {isa = PBXFileReference; lastKnownFileType = sourcecode.c.objc; path = ViewController.m; sourceTree = "<group>"; };
		A06F8B491CBA9060001B9D72 /* Base */ = {isa = PBXFileReference; lastKnownFileType = file.storyboard; name = Base; path = Base.lproj/Main.storyboard; sourceTree = "<group>"; };
		A06F8B4B1CBA9060001B9D72 /* Assets.xcassets */ = {isa = PBXFileReference; lastKnownFileType = folder.assetcatalog; path = Assets.xcassets; sourceTree = "<group>"; };
		A06F8B4E1CBA9060001B9D72 /* Base */ = {isa = PBXFileReference; lastKnownFileType = file.storyboard; name = Base; path = Base.lproj/LaunchScreen.storyboard; sourceTree = "<group>"; };
		A06F8B501CBA9060001B9D72 /* Info.plist */ = {isa = PBXFileReference; lastKnownFileType = text.plist.xml; path = Info.plist; sourceTree = "<group>"; };
		A06F8B551CBA9060001B9D72 /* useUIviewTests.xctest */ = {isa = PBXFileReference; explicitFileType = wrapper.cfbundle; includeInIndex = 0; path = useUIviewTests.xctest; sourceTree = BUILT_PRODUCTS_DIR; };
		A06F8B591CBA9060001B9D72 /* useUIviewTests.m */ = {isa = PBXFileReference; lastKnownFileType = sourcecode.c.objc; path = useUIviewTests.m; sourceTree = "<group>"; };
		A06F8B5B1CBA9060001B9D72 /* Info.plist */ = {isa = PBXFileReference; lastKnownFileType = text.plist.xml; path = Info.plist; sourceTree = "<group>"; };
		A06F8B601CBA9060001B9D72 /* useUIviewUITests.xctest */ = {isa = PBXFileReference; explicitFileType = wrapper.cfbundle; includeInIndex = 0; path = useUIviewUITests.xctest; sourceTree = BUILT_PRODUCTS_DIR; };
		A06F8B641CBA9060001B9D72 /* useUIviewUITests.m */ = {isa = PBXFileReference; lastKnownFileType = sourcecode.c.objc; path = useUIviewUITests.m; sourceTree = "<group>"; };
		A06F8B661CBA9060001B9D72 /* Info.plist */ = {isa = PBXFileReference; lastKnownFileType = text.plist.xml; path = Info.plist; sourceTree = "<group>"; };
/* End PBXFileReference section */

/* Begin PBXFrameworksBuildPhase section */
		A06F8B391CBA9060001B9D72 /* Frameworks */ = {
			isa = PBXFrameworksBuildPhase;
			buildActionMask = 2147483647;
			files = (
			);
			runOnlyForDeploymentPostprocessing = 0;
		};
		A06F8B521CBA9060001B9D72 /* Frameworks */ = {
			isa = PBXFrameworksBuildPhase;
			buildActionMask = 2147483647;
			files = (
			);
			runOnlyForDeploymentPostprocessing = 0;
		};
		A06F8B5D1CBA9060001B9D72 /* Frameworks */ = {
			isa = PBXFrameworksBuildPhase;
			buildActionMask = 2147483647;
			files = (
			);
			runOnlyForDeploymentPostprocessing = 0;
		};
/* End PBXFrameworksBuildPhase section */

/* Begin PBXGroup section */
		A06F8B331CBA9060001B9D72 = {
			isa = PBXGroup;
			children = (
				A06F8B3E1CBA9060001B9D72 /* useUIview */,
				A06F8B581CBA9060001B9D72 /* useUIviewTests */,
				A06F8B631CBA9060001B9D72 /* useUIviewUITests */,
				A06F8B3D1CBA9060001B9D72 /* Products */,
			);
			sourceTree = "<group>";
		};
		A06F8B3D1CBA9060001B9D72 /* Products */ = {
			isa = PBXGroup;
			children = (
				A06F8B3C1CBA9060001B9D72 /* useUIview.app */,
				A06F8B551CBA9060001B9D72 /* useUIviewTests.xctest */,
				A06F8B601CBA9060001B9D72 /* useUIviewUITests.xctest */,
			);
			name = Products;
			sourceTree = "<group>";
		};
		A06F8B3E1CBA9060001B9D72 /* useUIview */ = {
			isa = PBXGroup;
			children = (
				A06F8B421CBA9060001B9D72 /* AppDelegate.h */,
				A06F8B431CBA9060001B9D72 /* AppDelegate.m */,
				A06F8B451CBA9060001B9D72 /* ViewController.h */,
				A06F8B461CBA9060001B9D72 /* ViewController.m */,
				A06F8B481CBA9060001B9D72 /* Main.storyboard */,
				A06F8B4B1CBA9060001B9D72 /* Assets.xcassets */,
				A06F8B4D1CBA9060001B9D72 /* LaunchScreen.storyboard */,
				A06F8B501CBA9060001B9D72 /* Info.plist */,
				A06F8B3F1CBA9060001B9D72 /* Supporting Files */,
			);
			path = useUIview;
			sourceTree = "<group>";
		};
		A06F8B3F1CBA9060001B9D72 /* Supporting Files */ = {
			isa = PBXGroup;
			children = (
				A06F8B401CBA9060001B9D72 /* main.m */,
			);
			name = "Supporting Files";
			sourceTree = "<group>";
		};
		A06F8B581CBA9060001B9D72 /* useUIviewTests */ = {
			isa = PBXGroup;
			children = (
				A06F8B591CBA9060001B9D72 /* useUIviewTests.m */,
				A06F8B5B1CBA9060001B9D72 /* Info.plist */,
			);
			path = useUIviewTests;
			sourceTree = "<group>";
		};
		A06F8B631CBA9060001B9D72 /* useUIviewUITests */ = {
			isa = PBXGroup;
			children = (
				A06F8B641CBA9060001B9D72 /* useUIviewUITests.m */,
				A06F8B661CBA9060001B9D72 /* Info.plist */,
			);
			path = useUIviewUITests;
			sourceTree = "<group>";
		};
/* End PBXGroup section */

/* Begin PBXNativeTarget section */
		A06F8B3B1CBA9060001B9D72 /* useUIview */ = {
			isa = PBXNativeTarget;
			buildConfigurationList = A06F8B691CBA9060001B9D72 /* Build configuration list for PBXNativeTarget "useUIview" */;
			buildPhases = (
				A06F8B381CBA9060001B9D72 /* Sources */,
				A06F8B391CBA9060001B9D72 /* Frameworks */,
				A06F8B3A1CBA9060001B9D72 /* Resources */,
			);
			buildRules = (
			);
			dependencies = (
			);
			name = useUIview;
			productName = useUIview;
			productReference = A06F8B3C1CBA9060001B9D72 /* useUIview.app */;
			productType = "com.apple.product-type.application";
		};
		A06F8B541CBA9060001B9D72 /* useUIviewTests */ = {
			isa = PBXNativeTarget;
			buildConfigurationList = A06F8B6C1CBA9060001B9D72 /* Build configuration list for PBXNativeTarget "useUIviewTests" */;
			buildPhases = (
				A06F8B511CBA9060001B9D72 /* Sources */,
				A06F8B521CBA9060001B9D72 /* Frameworks */,
				A06F8B531CBA9060001B9D72 /* Resources */,
			);
			buildRules = (
			);
			dependencies = (
				A06F8B571CBA9060001B9D72 /* PBXTargetDependency */,
			);
			name = useUIviewTests;
			productName = useUIviewTests;
			productReference = A06F8B551CBA9060001B9D72 /* useUIviewTests.xctest */;
			productType = "com.apple.product-type.bundle.unit-test";
		};
		A06F8B5F1CBA9060001B9D72 /* useUIviewUITests */ = {
			isa = PBXNativeTarget;
			buildConfigurationList = A06F8B6F1CBA9060001B9D72 /* Build configuration list for PBXNativeTarget "useUIviewUITests" */;
			buildPhases = (
				A06F8B5C1CBA9060001B9D72 /* Sources */,
				A06F8B5D1CBA9060001B9D72 /* Frameworks */,
				A06F8B5E1CBA9060001B9D72 /* Resources */,
			);
			buildRules = (
			);
			dependencies = (
				A06F8B621CBA9060001B9D72 /* PBXTargetDependency */,
			);
			name = useUIviewUITests;
			productName = useUIviewUITests;
			productReference = A06F8B601CBA9060001B9D72 /* useUIviewUITests.xctest */;
			productType = "com.apple.product-type.bundle.ui-testing";
		};
/* End PBXNativeTarget section */

/* Begin PBXProject section */
		A06F8B341CBA9060001B9D72 /* Project object */ = {
			isa = PBXProject;
			attributes = {
				LastUpgradeCheck = 0730;
				ORGANIZATIONNAME = "陈培升";
				TargetAttributes = {
					A06F8B3B1CBA9060001B9D72 = {
						CreatedOnToolsVersion = 7.3;
					};
					A06F8B541CBA9060001B9D72 = {
						CreatedOnToolsVersion = 7.3;
						TestTargetID = A06F8B3B1CBA9060001B9D72;
					};
					A06F8B5F1CBA9060001B9D72 = {
						CreatedOnToolsVersion = 7.3;
						TestTargetID = A06F8B3B1CBA9060001B9D72;
					};
				};
			};
			buildConfigurationList = A06F8B371CBA9060001B9D72 /* Build configuration list for PBXProject "useUIview" */;
			compatibilityVersion = "Xcode 3.2";
			developmentRegion = English;
			hasScannedForEncodings = 0;
			knownRegions = (
				en,
				Base,
			);
			mainGroup = A06F8B331CBA9060001B9D72;
			productRefGroup = A06F8B3D1CBA9060001B9D72 /* Products */;
			projectDirPath = "";
			projectRoot = "";
			targets = (
				A06F8B3B1CBA9060001B9D72 /* useUIview */,
				A06F8B541CBA9060001B9D72 /* useUIviewTests */,
				A06F8B5F1CBA9060001B9D72 /* useUIviewUITests */,
			);
		};
/* End PBXProject section */

/* Begin PBXResourcesBuildPhase section */
		A06F8B3A1CBA9060001B9D72 /* Resources */ = {
			isa = PBXResourcesBuildPhase;
			buildActionMask = 2147483647;
			files = (
				A06F8B4F1CBA9060001B9D72 /* LaunchScreen.storyboard in Resources */,
				A06F8B4C1CBA9060001B9D72 /* Assets.xcassets in Resources */,
				A06F8B4A1CBA9060001B9D72 /* Main.storyboard in Resources */,
			);
			runOnlyForDeploymentPostprocessing = 0;
		};
		A06F8B531CBA9060001B9D72 /* Resources */ = {
			isa = PBXResourcesBuildPhase;
			buildActionMask = 2147483647;
			files = (
			);
			runOnlyForDeploymentPostprocessing = 0;
		};
		A06F8B5E1CBA9060001B9D72 /* Resources */ = {
			isa = PBXResourcesBuildPhase;
			buildActionMask = 2147483647;
			files = (
			);
			runOnlyForDeploymentPostprocessing = 0;
		};
/* End PBXResourcesBuildPhase section */

/* Begin PBXSourcesBuildPhase section */
		A06F8B381CBA9060001B9D72 /* Sources */ = {
			isa = PBXSourcesBuildPhase;
			buildActionMask = 2147483647;
			files = (
				A06F8B471CBA9060001B9D72 /* ViewController.m in Sources */,
				A06F8B441CBA9060001B9D72 /* AppDelegate.m in Sources */,
				A06F8B411CBA9060001B9D72 /* main.m in Sources */,
			);
			runOnlyForDeploymentPostprocessing = 0;
		};
		A06F8B511CBA9060001B9D72 /* Sources */ = {
			isa = PBXSourcesBuildPhase;
			buildActionMask = 2147483647;
			files = (
				A06F8B5A1CBA9060001B9D72 /* useUIviewTests.m in Sources */,
			);
			runOnlyForDeploymentPostprocessing = 0;
		};
		A06F8B5C1CBA9060001B9D72 /* Sources */ = {
			isa = PBXSourcesBuildPhase;
			buildActionMask = 2147483647;
			files = (
				A06F8B651CBA9060001B9D72 /* useUIviewUITests.m in Sources */,
			);
			runOnlyForDeploymentPostprocessing = 0;
		};
/* End PBXSourcesBuildPhase section */

/* Begin PBXTargetDependency section */
		A06F8B571CBA9060001B9D72 /* PBXTargetDependency */ = {
			isa = PBXTargetDependency;
			target = A06F8B3B1CBA9060001B9D72 /* useUIview */;
			targetProxy = A06F8B561CBA9060001B9D72 /* PBXContainerItemProxy */;
		};
		A06F8B621CBA9060001B9D72 /* PBXTargetDependency */ = {
			isa = PBXTargetDependency;
			target = A06F8B3B1CBA9060001B9D72 /* useUIview */;
			targetProxy = A06F8B611CBA9060001B9D72 /* PBXContainerItemProxy */;
		};
/* End PBXTargetDependency section */

/* Begin PBXVariantGroup section */
		A06F8B481CBA9060001B9D72 /* Main.storyboard */ = {
			isa = PBXVariantGroup;
			children = (
				A06F8B491CBA9060001B9D72 /* Base */,
			);
			name = Main.storyboard;
			sourceTree = "<group>";
		};
		A06F8B4D1CBA9060001B9D72 /* LaunchScreen.storyboard */ = {
			isa = PBXVariantGroup;
			children = (
				A06F8B4E1CBA9060001B9D72 /* Base */,
			);
			name = LaunchScreen.storyboard;
			sourceTree = "<group>";
		};
/* End PBXVariantGroup section */

/* Begin XCBuildConfiguration section */
		A06F8B671CBA9060001B9D72 /* Debug */ = {
			isa = XCBuildConfiguration;
			buildSettings = {
				ALWAYS_SEARCH_USER_PATHS = NO;
				CLANG_ANALYZER_NONNULL = YES;
				CLANG_CXX_LANGUAGE_STANDARD = "gnu++0x";
				CLANG_CXX_LIBRARY = "libc++";
				CLANG_ENABLE_MODULES = YES;
				CLANG_ENABLE_OBJC_ARC = YES;
				CLANG_WARN_BOOL_CONVERSION = YES;
				CLANG_WARN_CONSTANT_CONVERSION = YES;
				CLANG_WARN_DIRECT_OBJC_ISA_USAGE = YES_ERROR;
				CLANG_WARN_EMPTY_BODY = YES;
				CLANG_WARN_ENUM_CONVERSION = YES;
				CLANG_WARN_INT_CONVERSION = YES;
				CLANG_WARN_OBJC_ROOT_CLASS = YES_ERROR;
				CLANG_WARN_UNREACHABLE_CODE = YES;
				CLANG_WARN__DUPLICATE_METHOD_MATCH = YES;
				"CODE_SIGN_IDENTITY[sdk=iphoneos*]" = "iPhone Developer";
				COPY_PHASE_STRIP = NO;
				DEBUG_INFORMATION_FORMAT = dwarf;
				ENABLE_STRICT_OBJC_MSGSEND = YES;
				ENABLE_TESTABILITY = YES;
				GCC_C_LANGUAGE_STANDARD = gnu99;
				GCC_DYNAMIC_NO_PIC = NO;
				GCC_NO_COMMON_BLOCKS = YES;
				GCC_OPTIMIZATION_LEVEL = 0;
				GCC_PREPROCESSOR_DEFINITIONS = (
					"DEBUG=1",
					"$(inherited)",
				);
				GCC_WARN_64_TO_32_BIT_CONVERSION = YES;
				GCC_WARN_ABOUT_RETURN_TYPE = YES_ERROR;
				GCC_WARN_UNDECLARED_SELECTOR = YES;
				GCC_WARN_UNINITIALIZED_AUTOS = YES_AGGRESSIVE;
				GCC_WARN_UNUSED_FUNCTION = YES;
				GCC_WARN_UNUSED_VARIABLE = YES;
				IPHONEOS_DEPLOYMENT_TARGET = 9.3;
				MTL_ENABLE_DEBUG_INFO = YES;
				ONLY_ACTIVE_ARCH = YES;
				SDKROOT = iphoneos;
				TARGETED_DEVICE_FAMILY = "1,2";
			};
			name = Debug;
		};
		A06F8B681CBA9060001B9D72 /* Release */ = {
			isa = XCBuildConfiguration;
			buildSettings = {
				ALWAYS_SEARCH_USER_PATHS = NO;
				CLANG_ANALYZER_NONNULL = YES;
				CLANG_CXX_LANGUAGE_STANDARD = "gnu++0x";
				CLANG_CXX_LIBRARY = "libc++";
				CLANG_ENABLE_MODULES = YES;
				CLANG_ENABLE_OBJC_ARC = YES;
				CLANG_WARN_BOOL_CONVERSION = YES;
				CLANG_WARN_CONSTANT_CONVERSION = YES;
				CLANG_WARN_DIRECT_OBJC_ISA_USAGE = YES_ERROR;
				CLANG_WARN_EMPTY_BODY = YES;
				CLANG_WARN_ENUM_CONVERSION = YES;
				CLANG_WARN_INT_CONVERSION = YES;
				CLANG_WARN_OBJC_ROOT_CLASS = YES_ERROR;
				CLANG_WARN_UNREACHABLE_CODE = YES;
				CLANG_WARN__DUPLICATE_METHOD_MATCH = YES;
				"CODE_SIGN_IDENTITY[sdk=iphoneos*]" = "iPhone Developer";
				COPY_PHASE_STRIP = NO;
				DEBUG_INFORMATION_FORMAT = "dwarf-with-dsym";
				ENABLE_NS_ASSERTIONS = NO;
				ENABLE_STRICT_OBJC_MSGSEND = YES;
				GCC_C_LANGUAGE_STANDARD = gnu99;
				GCC_NO_COMMON_BLOCKS = YES;
				GCC_WARN_64_TO_32_BIT_CONVERSION = YES;
				GCC_WARN_ABOUT_RETURN_TYPE = YES_ERROR;
				GCC_WARN_UNDECLARED_SELECTOR = YES;
				GCC_WARN_UNINITIALIZED_AUTOS = YES_AGGRESSIVE;
				GCC_WARN_UNUSED_FUNCTION = YES;
				GCC_WARN_UNUSED_VARIABLE = YES;
				IPHONEOS_DEPLOYMENT_TARGET = 9.3;
				MTL_ENABLE_DEBUG_INFO = NO;
				SDKROOT = iphoneos;
				TARGETED_DEVICE_FAMILY = "1,2";
				VALIDATE_PRODUCT = YES;
			};
			name = Release;
		};
		A06F8B6A1CBA9060001B9D72 /* Debug */ = {
			isa = XCBuildConfiguration;
			buildSettings = {
				ASSETCATALOG_COMPILER_APPICON_NAME = AppIcon;
				INFOPLIST_FILE = useUIview/Info.plist;
				LD_RUNPATH_SEARCH_PATHS = "$(inherited) @executable_path/Frameworks";
				PRODUCT_BUNDLE_IDENTIFIER = com.ps.useUIview;
				PRODUCT_NAME = "$(TARGET_NAME)";
			};
			name = Debug;
		};
		A06F8B6B1CBA9060001B9D72 /* Release */ = {
			isa = XCBuildConfiguration;
			buildSettings = {
				ASSETCATALOG_COMPILER_APPICON_NAME = AppIcon;
				INFOPLIST_FILE = useUIview/Info.plist;
				LD_RUNPATH_SEARCH_PATHS = "$(inherited) @executable_path/Frameworks";
				PRODUCT_BUNDLE_IDENTIFIER = com.ps.useUIview;
				PRODUCT_NAME = "$(TARGET_NAME)";
			};
			name = Release;
		};
		A06F8B6D1CBA9060001B9D72 /* Debug */ = {
			isa = XCBuildConfiguration;
			buildSettings = {
				BUNDLE_LOADER = "$(TEST_HOST)";
				INFOPLIST_FILE = useUIviewTests/Info.plist;
				LD_RUNPATH_SEARCH_PATHS = "$(inherited) @executable_path/Frameworks @loader_path/Frameworks";
				PRODUCT_BUNDLE_IDENTIFIER = com.ps.useUIviewTests;
				PRODUCT_NAME = "$(TARGET_NAME)";
				TEST_HOST = "$(BUILT_PRODUCTS_DIR)/useUIview.app/useUIview";
			};
			name = Debug;
		};
		A06F8B6E1CBA9060001B9D72 /* Release */ = {
			isa = XCBuildConfiguration;
			buildSettings = {
				BUNDLE_LOADER = "$(TEST_HOST)";
				INFOPLIST_FILE = useUIviewTests/Info.plist;
				LD_RUNPATH_SEARCH_PATHS = "$(inherited) @executable_path/Frameworks @loader_path/Frameworks";
				PRODUCT_BUNDLE_IDENTIFIER = com.ps.useUIviewTests;
				PRODUCT_NAME = "$(TARGET_NAME)";
				TEST_HOST = "$(BUILT_PRODUCTS_DIR)/useUIview.app/useUIview";
			};
			name = Release;
		};
		A06F8B701CBA9060001B9D72 /* Debug */ = {
			isa = XCBuildConfiguration;
			buildSettings = {
				INFOPLIST_FILE = useUIviewUITests/Info.plist;
				LD_RUNPATH_SEARCH_PATHS = "$(inherited) @executable_path/Frameworks @loader_path/Frameworks";
				PRODUCT_BUNDLE_IDENTIFIER = com.ps.useUIviewUITests;
				PRODUCT_NAME = "$(TARGET_NAME)";
				TEST_TARGET_NAME = useUIview;
			};
			name = Debug;
		};
		A06F8B711CBA9060001B9D72 /* Release */ = {
			isa = XCBuildConfiguration;
			buildSettings = {
				INFOPLIST_FILE = useUIviewUITests/Info.plist;
				LD_RUNPATH_SEARCH_PATHS = "$(inherited) @executable_path/Frameworks @loader_path/Frameworks";
				PRODUCT_BUNDLE_IDENTIFIER = com.ps.useUIviewUITests;
				PRODUCT_NAME = "$(TARGET_NAME)";
				TEST_TARGET_NAME = useUIview;
			};
			name = Release;
		};
/* End XCBuildConfiguration section */

/* Begin XCConfigurationList section */
		A06F8B371CBA9060001B9D72 /* Build configuration list for PBXProject "useUIview" */ = {
			isa = XCConfigurationList;
			buildConfigurations = (
				A06F8B671CBA9060001B9D72 /* Debug */,
				A06F8B681CBA9060001B9D72 /* Release */,
			);
			defaultConfigurationIsVisible = 0;
			defaultConfigurationName = Release;
		};
		A06F8B691CBA9060001B9D72 /* Build configuration list for PBXNativeTarget "useUIview" */ = {
			isa = XCConfigurationList;
			buildConfigurations = (
				A06F8B6A1CBA9060001B9D72 /* Debug */,
				A06F8B6B1CBA9060001B9D72 /* Release */,
			);
			defaultConfigurationIsVisible = 0;
		};
		A06F8B6C1CBA9060001B9D72 /* Build configuration list for PBXNativeTarget "useUIviewTests" */ = {
			isa = XCConfigurationList;
			buildConfigurations = (
				A06F8B6D1CBA9060001B9D72 /* Debug */,
				A06F8B6E1CBA9060001B9D72 /* Release */,
			);
			defaultConfigurationIsVisible = 0;
		};
		A06F8B6F1CBA9060001B9D72 /* Build configuration list for PBXNativeTarget "useUIviewUITests" */ = {
			isa = XCConfigurationList;
			buildConfigurations = (
				A06F8B701CBA9060001B9D72 /* Debug */,
				A06F8B711CBA9060001B9D72 /* Release */,
			);
			defaultConfigurationIsVisible = 0;
		};
/* End XCConfigurationList section */
	};
	rootObject = A06F8B341CBA9060001B9D72 /* Project object */;
}
